
Microsoft Visual Studio Solution File, Format Version 12.00
# Visual Studio Version 17
VisualStudioVersion = 17.10.35122.118
MinimumVisualStudioVersion = 10.0.40219.1
Project("{9A19103F-16F7-4668-BE54-9A1E7A4F7556}") = "Fortune.API", "Fortune.API\Fortune.API.csproj", "{AF46CF0F-2560-4837-BCC2-AD3A75F3A500}"
EndProject
Project("{9A19103F-16F7-4668-BE54-9A1E7A4F7556}") = "Fortune.Services", "Fortune.Services\Fortune.Services.csproj", "{CF2D8AE3-449D-4A08-8D38-62B4E94FCF42}"
EndProject
Project("{9A19103F-16F7-4668-BE54-9A1E7A4F7556}") = "Fortune.Repositories", "Fortune.Repositories\Fortune.Repositories.csproj", "{099CA795-3294-4276-9104-985CD0A6CB30}"
EndProject
Project("{9A19103F-16F7-4668-BE54-9A1E7A4F7556}") = "Fortune.Models", "Fortune.Models\Fortune.Models.csproj", "{AF3BF4E1-0473-4226-8420-57A68F079FE6}"
EndProject
Project("{FAE04EC0-301F-11D3-BF4B-00C04F79EFBC}") = "Fortune.Helpers", "Fortune.Helpers\Fortune.Helpers.csproj", "{A9096DD0-2D5D-4359-8B0A-E7310CFC4251}"
EndProject
Project("{54A90642-561A-4BB1-A94E-469ADEE60C69}") = "Fortune.Web", "Fortune.Web\Fortune.Web.esproj", "{3761099B-3177-47D1-9D7C-96093A6104D3}"
EndProject
Project("{FAE04EC0-301F-11D3-BF4B-00C04F79EFBC}") = "Fortune.Shared", "Fortune.Shared\Fortune.Shared.csproj", "{43C9333B-CCA0-4220-9D28-982B1D7F418E}"
EndProject
Global
	GlobalSection(SolutionConfigurationPlatforms) = preSolution
		Debug|Any CPU = Debug|Any CPU
		Release|Any CPU = Release|Any CPU
	EndGlobalSection
	GlobalSection(ProjectConfigurationPlatforms) = postSolution
		{AF46CF0F-2560-4837-BCC2-AD3A75F3A500}.Debug|Any CPU.ActiveCfg = Debug|Any CPU
		{AF46CF0F-2560-4837-BCC2-AD3A75F3A500}.Debug|Any CPU.Build.0 = Debug|Any CPU
		{AF46CF0F-2560-4837-BCC2-AD3A75F3A500}.Release|Any CPU.ActiveCfg = Release|Any CPU
		{AF46CF0F-2560-4837-BCC2-AD3A75F3A500}.Release|Any CPU.Build.0 = Release|Any CPU
		{CF2D8AE3-449D-4A08-8D38-62B4E94FCF42}.Debug|Any CPU.ActiveCfg = Debug|Any CPU
		{CF2D8AE3-449D-4A08-8D38-62B4E94FCF42}.Debug|Any CPU.Build.0 = Debug|Any CPU
		{CF2D8AE3-449D-4A08-8D38-62B4E94FCF42}.Release|Any CPU.ActiveCfg = Release|Any CPU
		{CF2D8AE3-449D-4A08-8D38-62B4E94FCF42}.Release|Any CPU.Build.0 = Release|Any CPU
		{099CA795-3294-4276-9104-985CD0A6CB30}.Debug|Any CPU.ActiveCfg = Debug|Any CPU
		{099CA795-3294-4276-9104-985CD0A6CB30}.Debug|Any CPU.Build.0 = Debug|Any CPU
		{099CA795-3294-4276-9104-985CD0A6CB30}.Release|Any CPU.ActiveCfg = Release|Any CPU
		{099CA795-3294-4276-9104-985CD0A6CB30}.Release|Any CPU.Build.0 = Release|Any CPU
		{AF3BF4E1-0473-4226-8420-57A68F079FE6}.Debug|Any CPU.ActiveCfg = Debug|Any CPU
		{AF3BF4E1-0473-4226-8420-57A68F079FE6}.Debug|Any CPU.Build.0 = Debug|Any CPU
		{AF3BF4E1-0473-4226-8420-57A68F079FE6}.Release|Any CPU.ActiveCfg = Release|Any CPU
		{AF3BF4E1-0473-4226-8420-57A68F079FE6}.Release|Any CPU.Build.0 = Release|Any CPU
		{A9096DD0-2D5D-4359-8B0A-E7310CFC4251}.Debug|Any CPU.ActiveCfg = Debug|Any CPU
		{A9096DD0-2D5D-4359-8B0A-E7310CFC4251}.Debug|Any CPU.Build.0 = Debug|Any CPU
		{A9096DD0-2D5D-4359-8B0A-E7310CFC4251}.Release|Any CPU.ActiveCfg = Release|Any CPU
		{A9096DD0-2D5D-4359-8B0A-E7310CFC4251}.Release|Any CPU.Build.0 = Release|Any CPU
		{3761099B-3177-47D1-9D7C-96093A6104D3}.Debug|Any CPU.ActiveCfg = Debug|Any CPU
		{3761099B-3177-47D1-9D7C-96093A6104D3}.Debug|Any CPU.Build.0 = Debug|Any CPU
		{3761099B-3177-47D1-9D7C-96093A6104D3}.Debug|Any CPU.Deploy.0 = Debug|Any CPU
		{3761099B-3177-47D1-9D7C-96093A6104D3}.Release|Any CPU.ActiveCfg = Release|Any CPU
		{3761099B-3177-47D1-9D7C-96093A6104D3}.Release|Any CPU.Build.0 = Release|Any CPU
		{3761099B-3177-47D1-9D7C-96093A6104D3}.Release|Any CPU.Deploy.0 = Release|Any CPU
		{43C9333B-CCA0-4220-9D28-982B1D7F418E}.Debug|Any CPU.ActiveCfg = Debug|Any CPU
		{43C9333B-CCA0-4220-9D28-982B1D7F418E}.Debug|Any CPU.Build.0 = Debug|Any CPU
		{43C9333B-CCA0-4220-9D28-982B1D7F418E}.Release|Any CPU.ActiveCfg = Release|Any CPU
		{43C9333B-CCA0-4220-9D28-982B1D7F418E}.Release|Any CPU.Build.0 = Release|Any CPU
	EndGlobalSection
	GlobalSection(SolutionProperties) = preSolution
		HideSolutionNode = FALSE
	EndGlobalSection
	GlobalSection(ExtensibilityGlobals) = postSolution
		SolutionGuid = {D8ADAA10-FCCF-46D8-917C-A0C285DF58F8}
	EndGlobalSection
EndGlobal
